
Microsoft Visual Studio Solution File, Format Version 12.00
# Visual Studio Version 17
VisualStudioVersion = 17.4.33213.308
MinimumVisualStudioVersion = 10.0.40219.1
Project("{9A19103F-16F7-4668-BE54-9A1E7A4F7556}") = "AOItoMES", "AOItoMES\AOItoMES.csproj", "{81FFF36C-80EF-4211-92FE-F80CF1CFFDF8}"
EndProject
Project("{2150E333-8FDC-42A3-9474-1A3956D46DE8}") = "Solution Items", "Solution Items", "{AAD26A3B-EBA5-4D07-BF21-E4DA103D2BC4}"
	ProjectSection(SolutionItems) = preProject
		.editorconfig = .editorconfig
	EndProjectSection
EndProject
Global
	GlobalSection(SolutionConfigurationPlatforms) = preSolution
		Debug|Any CPU = Debug|Any CPU
		Release|Any CPU = Release|Any CPU
	EndGlobalSection
	GlobalSection(ProjectConfigurationPlatforms) = postSolution
		{81FFF36C-80EF-4211-92FE-F80CF1CFFDF8}.Debug|Any CPU.ActiveCfg = Debug|Any CPU
		{81FFF36C-80EF-4211-92FE-F80CF1CFFDF8}.Debug|Any CPU.Build.0 = Debug|Any CPU
		{81FFF36C-80EF-4211-92FE-F80CF1CFFDF8}.Release|Any CPU.ActiveCfg = Release|Any CPU
		{81FFF36C-80EF-4211-92FE-F80CF1CFFDF8}.Release|Any CPU.Build.0 = Release|Any CPU
	EndGlobalSection
	GlobalSection(SolutionProperties) = preSolution
		HideSolutionNode = FALSE
	EndGlobalSection
	GlobalSection(ExtensibilityGlobals) = postSolution
		SolutionGuid = {41195CBC-66B9-48B8-AF1C-E2B6C1090278}
	EndGlobalSection
EndGlobal
